{
  "originHash" : "c5f11decf0fd123acbda86d428ca01efd4bf9be5021c164394a58267bff0ccd5",
  "pins" : [
    {
      "identity" : "bitbytedata",
      "kind" : "remoteSourceControl",
      "location" : "https://github.com/tsolomko/BitByteData",
      "state" : {
        "revision" : "cdcdc5177ad536cfb11b95c620f926a81014b7fe",
        "version" : "2.0.4"
      }
    },
    {
      "identity" : "lightxmlparser",
      "kind" : "remoteSourceControl",
      "location" : "https://github.com/iptvapp-proj/LightXMLParser.git",
      "state" : {
        "branch" : "master",
        "revision" : "52d8fa2ad6f2924b86b2896b2e2c1a025685e645"
      }
    },
    {
      "identity" : "m3ukit",
      "kind" : "remoteSourceControl",
      "location" : "https://github.com/iptvapp-proj/M3UKit.git",
      "state" : {
        "branch" : "master",
        "revision" : "5a2f762663ab41afc739623d2d62d2b4b185ae4b"
      }
    },
    {
      "identity" : "sdwebimage",
      "kind" : "remoteSourceControl",
      "location" : "https://github.com/SDWebImage/SDWebImage.git",
      "state" : {
        "revision" : "b62cb63bf4ed1f04c961a56c9c6c9d5ab8524ec6",
        "version" : "5.21.1"
      }
    },
    {
      "identity" : "sdwebimageswiftui",
      "kind" : "remoteSourceControl",
      "location" : "https://github.com/SDWebImage/SDWebImageSwiftUI.git",
      "state" : {
        "revision" : "b7af5e6bd9c2987e41730400d1baad13d74a141a",
        "version" : "3.0.4"
      }
    },
    {
      "identity" : "swcompression",
      "kind" : "remoteSourceControl",
      "location" : "https://github.com/tsolomko/SWCompression.git",
      "state" : {
        "revision" : "390e0b0af8dd19a600005a242a89e570ff482e09",
        "version" : "4.8.6"
      }
    },
    {
      "identity" : "swiftyxmlparser",
      "kind" : "remoteSourceControl",
      "location" : "https://github.com/yahoojapan/SwiftyXMLParser",
      "state" : {
        "revision" : "d7a1d23f04c86c1cd2e8f19247dd15d74e0ea8be",
        "version" : "5.6.0"
      }
    },
    {
      "identity" : "uionboarding",
      "kind" : "remoteSourceControl",
      "location" : "https://github.com/lascic/UIOnboarding.git",
      "state" : {
        "revision" : "88d304a0a78b608fd993c9065bb86631f962aaf9",
        "version" : "2.0.4"
      }
    },
    {
      "identity" : "xmltv",
      "kind" : "remoteSourceControl",
      "location" : "https://github.com/iptvapp-proj/XMLTV.git",
      "state" : {
        "branch" : "master",
        "revision" : "65ecdeddf2f8ecf25ea9f25d155ba113dc48e263"
      }
    }
  ],
  "version" : 3
}
