// !$*UTF8*$!
{
	archiveVersion = 1;
	classes = {
	};
	objectVersion = 60;
	objects = {

/* Begin PBXBuildFile section */
		2F01F38A2B7EA6BB004514D3 /* AddPlaylistView.swift in Sources */ = {isa = PBXBuildFile; fileRef = 2F01F3892B7EA6BB004514D3 /* AddPlaylistView.swift */; };
		2F10D8952B70053B00C6847C /* PlayerView.swift in Sources */ = {isa = PBXBuildFile; fileRef = 2F10D8942B70053B00C6847C /* PlayerView.swift */; };
		2F588D522B9D962E009EB86B /* MediaCellView.swift in Sources */ = {isa = PBXBuildFile; fileRef = 2F588D512B9D962E009EB86B /* MediaCellView.swift */; };
		2F5A13FF2B9DF8C9005F270E /* Localizable.xcstrings in Resources */ = {isa = PBXBuildFile; fileRef = 2F5A13FC2B9DF601005F270E /* Localizable.xcstrings */; };
		2F5E8F8D2B78DB0B00850659 /* MediaDetailView.swift in Sources */ = {isa = PBXBuildFile; fileRef = 2F5E8F8C2B78DB0B00850659 /* MediaDetailView.swift */; };
		2F5E8F902B78E1CE00850659 /* MediaListView.swift in Sources */ = {isa = PBXBuildFile; fileRef = 2F5E8F8F2B78E1CE00850659 /* MediaListView.swift */; };
		2F5E8F922B78E29700850659 /* PlaylistsListView.swift in Sources */ = {isa = PBXBuildFile; fileRef = 2F5E8F912B78E29700850659 /* PlaylistsListView.swift */; };
		2F73C7CC2B69390600547B76 /* ContentView.swift in Sources */ = {isa = PBXBuildFile; fileRef = 2F73C7CA2B69390600547B76 /* ContentView.swift */; };
		2F73C7CE2B69396C00547B76 /* ModelPlaylist.swift in Sources */ = {isa = PBXBuildFile; fileRef = 2F73C7CD2B69396C00547B76 /* ModelPlaylist.swift */; };
		2FB75B852B41A9FE00A16501 /* IPTVApp.swift in Sources */ = {isa = PBXBuildFile; fileRef = 2FB75B842B41A9FE00A16501 /* IPTVApp.swift */; };
		2FB75B892B41A9FF00A16501 /* Assets.xcassets in Resources */ = {isa = PBXBuildFile; fileRef = 2FB75B882B41A9FF00A16501 /* Assets.xcassets */; };
		2FB8DE942B7E921800102C82 /* ErrorView.swift in Sources */ = {isa = PBXBuildFile; fileRef = 2FB8DE932B7E921800102C82 /* ErrorView.swift */; };
		2FB8DE962B7E92BB00102C82 /* LoadingView.swift in Sources */ = {isa = PBXBuildFile; fileRef = 2FB8DE952B7E92BB00102C82 /* LoadingView.swift */; };
		2FBE9A152BA09A6C0090C126 /* Playlist.Media.swift in Sources */ = {isa = PBXBuildFile; fileRef = 2FBE9A142BA09A6C0090C126 /* Playlist.Media.swift */; };
		2FBE9A192BA0A0630090C126 /* M3UKit in Frameworks */ = {isa = PBXBuildFile; productRef = 2FBE9A182BA0A0630090C126 /* M3UKit */; };
		2FBE9A212BA0A0AA0090C126 /* IPTVTVApp.swift in Sources */ = {isa = PBXBuildFile; fileRef = 2FBE9A202BA0A0AA0090C126 /* IPTVTVApp.swift */; };
		2FBE9A232BA0A0AA0090C126 /* ContentView.swift in Sources */ = {isa = PBXBuildFile; fileRef = 2FBE9A222BA0A0AA0090C126 /* ContentView.swift */; };
		2FBE9A252BA0A0AB0090C126 /* Assets.xcassets in Resources */ = {isa = PBXBuildFile; fileRef = 2FBE9A242BA0A0AB0090C126 /* Assets.xcassets */; };
		2FBE9A2C2BA0A0BA0090C126 /* ViewModel.swift in Sources */ = {isa = PBXBuildFile; fileRef = 2FEF5E842B7A510500AB0193 /* ViewModel.swift */; };
		2FBE9A2D2BA0A0BA0090C126 /* Playlist.Media.swift in Sources */ = {isa = PBXBuildFile; fileRef = 2FBE9A142BA09A6C0090C126 /* Playlist.Media.swift */; };
		2FBE9A2E2BA0A0BA0090C126 /* ModelPlaylist.swift in Sources */ = {isa = PBXBuildFile; fileRef = 2F73C7CD2B69396C00547B76 /* ModelPlaylist.swift */; };
		2FBE9A2F2BA0A17B0090C126 /* Localizable.xcstrings in Resources */ = {isa = PBXBuildFile; fileRef = 2F5A13FC2B9DF601005F270E /* Localizable.xcstrings */; };
		2FBE9A312BA0A98B0090C126 /* SettingsView.swift in Sources */ = {isa = PBXBuildFile; fileRef = 2FBE9A302BA0A98B0090C126 /* SettingsView.swift */; };
		2FBE9A352BA0A9BA0090C126 /* PlaylistsListView.swift in Sources */ = {isa = PBXBuildFile; fileRef = 2FBE9A342BA0A9BA0090C126 /* PlaylistsListView.swift */; };
		2FBE9A372BA0AA550090C126 /* FirstLaunchView.swift in Sources */ = {isa = PBXBuildFile; fileRef = 2FE23EB82B9C652C00579625 /* FirstLaunchView.swift */; };
		2FBE9A392BA0AB300090C126 /* M3UKit in Frameworks */ = {isa = PBXBuildFile; productRef = 2FBE9A382BA0AB300090C126 /* M3UKit */; };
		2FBE9A3B2BA0ABB20090C126 /* Shared.xcassets in Resources */ = {isa = PBXBuildFile; fileRef = 2FBE9A3A2BA0ABB20090C126 /* Shared.xcassets */; };
		2FBE9A3C2BA0AF180090C126 /* AddPlaylistView.swift in Sources */ = {isa = PBXBuildFile; fileRef = 2F01F3892B7EA6BB004514D3 /* AddPlaylistView.swift */; };
		2FBE9A3D2BA0B0170090C126 /* Shared.xcassets in Resources */ = {isa = PBXBuildFile; fileRef = 2FBE9A3A2BA0ABB20090C126 /* Shared.xcassets */; };
		2FCC7E5E2B7ECE6300DCC105 /* EditPlaylistView.swift in Sources */ = {isa = PBXBuildFile; fileRef = 2FCC7E5D2B7ECE6300DCC105 /* EditPlaylistView.swift */; };
		2FD589892B7F804F003228AB /* Launch Screen.storyboard in Resources */ = {isa = PBXBuildFile; fileRef = 2FD589882B7F804F003228AB /* Launch Screen.storyboard */; platformFilter = ios; };
		2FDB54C62B9E2D210087F24E /* ViewingOption.swift in Sources */ = {isa = PBXBuildFile; fileRef = 2FDB54C52B9E2D210087F24E /* ViewingOption.swift */; };
		2FE23EB92B9C652C00579625 /* FirstLaunchView.swift in Sources */ = {isa = PBXBuildFile; fileRef = 2FE23EB82B9C652C00579625 /* FirstLaunchView.swift */; };
		2FEF5E852B7A510500AB0193 /* ViewModel.swift in Sources */ = {isa = PBXBuildFile; fileRef = 2FEF5E842B7A510500AB0193 /* ViewModel.swift */; };
		2FF1450A2B9DD2F7006B2508 /* SingleStreamView.swift in Sources */ = {isa = PBXBuildFile; fileRef = 2FF145092B9DD2F7006B2508 /* SingleStreamView.swift */; };
		2FFDFF562BA342C3001A0166 /* SDWebImageSwiftUI in Frameworks */ = {isa = PBXBuildFile; productRef = 2FFDFF552BA342C3001A0166 /* SDWebImageSwiftUI */; };
		2FFDFF582BA342C7001A0166 /* SDWebImageSwiftUI in Frameworks */ = {isa = PBXBuildFile; productRef = 2FFDFF572BA342C7001A0166 /* SDWebImageSwiftUI */; };
/* End PBXBuildFile section */

/* Begin PBXFileReference section */
		2F01F3892B7EA6BB004514D3 /* AddPlaylistView.swift */ = {isa = PBXFileReference; fileEncoding = 4; lastKnownFileType = sourcecode.swift; path = AddPlaylistView.swift; sourceTree = "<group>"; };
		2F10D8942B70053B00C6847C /* PlayerView.swift */ = {isa = PBXFileReference; indentWidth = 4; lastKnownFileType = sourcecode.swift; path = PlayerView.swift; sourceTree = "<group>"; tabWidth = 4; usesTabs = 1; };
		2F588D512B9D962E009EB86B /* MediaCellView.swift */ = {isa = PBXFileReference; fileEncoding = 4; lastKnownFileType = sourcecode.swift; path = MediaCellView.swift; sourceTree = "<group>"; };
		2F5A13FC2B9DF601005F270E /* Localizable.xcstrings */ = {isa = PBXFileReference; lastKnownFileType = text.json.xcstrings; path = Localizable.xcstrings; sourceTree = "<group>"; };
		2F5E8F8C2B78DB0B00850659 /* MediaDetailView.swift */ = {isa = PBXFileReference; lastKnownFileType = sourcecode.swift; path = MediaDetailView.swift; sourceTree = "<group>"; };
		2F5E8F8F2B78E1CE00850659 /* MediaListView.swift */ = {isa = PBXFileReference; lastKnownFileType = sourcecode.swift; path = MediaListView.swift; sourceTree = "<group>"; };
		2F5E8F912B78E29700850659 /* PlaylistsListView.swift */ = {isa = PBXFileReference; lastKnownFileType = sourcecode.swift; path = PlaylistsListView.swift; sourceTree = "<group>"; };
		2F73C7CA2B69390600547B76 /* ContentView.swift */ = {isa = PBXFileReference; fileEncoding = 4; lastKnownFileType = sourcecode.swift; path = ContentView.swift; sourceTree = "<group>"; usesTabs = 1; };
		2F73C7CD2B69396C00547B76 /* ModelPlaylist.swift */ = {isa = PBXFileReference; fileEncoding = 4; lastKnownFileType = sourcecode.swift; path = ModelPlaylist.swift; sourceTree = "<group>"; usesTabs = 1; };
		2FB75B812B41A9FE00A16501 /* IPTV.app */ = {isa = PBXFileReference; explicitFileType = wrapper.application; includeInIndex = 0; path = IPTV.app; sourceTree = BUILT_PRODUCTS_DIR; };
		2FB75B842B41A9FE00A16501 /* IPTVApp.swift */ = {isa = PBXFileReference; lastKnownFileType = sourcecode.swift; path = IPTVApp.swift; sourceTree = "<group>"; usesTabs = 1; };
		2FB75B882B41A9FF00A16501 /* Assets.xcassets */ = {isa = PBXFileReference; lastKnownFileType = folder.assetcatalog; path = Assets.xcassets; sourceTree = "<group>"; };
		2FB75B8A2B41A9FF00A16501 /* IPTV.entitlements */ = {isa = PBXFileReference; lastKnownFileType = text.plist.entitlements; path = IPTV.entitlements; sourceTree = "<group>"; };
		2FB8DE932B7E921800102C82 /* ErrorView.swift */ = {isa = PBXFileReference; lastKnownFileType = sourcecode.swift; path = ErrorView.swift; sourceTree = "<group>"; };
		2FB8DE952B7E92BB00102C82 /* LoadingView.swift */ = {isa = PBXFileReference; lastKnownFileType = sourcecode.swift; path = LoadingView.swift; sourceTree = "<group>"; };
		2FBE9A142BA09A6C0090C126 /* Playlist.Media.swift */ = {isa = PBXFileReference; fileEncoding = 4; lastKnownFileType = sourcecode.swift; path = Playlist.Media.swift; sourceTree = "<group>"; };
		2FBE9A1E2BA0A0AA0090C126 /* IPTV TV.app */ = {isa = PBXFileReference; explicitFileType = wrapper.application; includeInIndex = 0; path = "IPTV TV.app"; sourceTree = BUILT_PRODUCTS_DIR; };
		2FBE9A202BA0A0AA0090C126 /* IPTVTVApp.swift */ = {isa = PBXFileReference; lastKnownFileType = sourcecode.swift; path = IPTVTVApp.swift; sourceTree = "<group>"; };
		2FBE9A222BA0A0AA0090C126 /* ContentView.swift */ = {isa = PBXFileReference; lastKnownFileType = sourcecode.swift; path = ContentView.swift; sourceTree = "<group>"; };
		2FBE9A242BA0A0AB0090C126 /* Assets.xcassets */ = {isa = PBXFileReference; lastKnownFileType = folder.assetcatalog; path = Assets.xcassets; sourceTree = "<group>"; };
		2FBE9A302BA0A98B0090C126 /* SettingsView.swift */ = {isa = PBXFileReference; lastKnownFileType = sourcecode.swift; path = SettingsView.swift; sourceTree = "<group>"; };
		2FBE9A342BA0A9BA0090C126 /* PlaylistsListView.swift */ = {isa = PBXFileReference; lastKnownFileType = sourcecode.swift; path = PlaylistsListView.swift; sourceTree = "<group>"; };
		2FBE9A3A2BA0ABB20090C126 /* Shared.xcassets */ = {isa = PBXFileReference; lastKnownFileType = folder.assetcatalog; path = Shared.xcassets; sourceTree = "<group>"; };
		2FCC7E5D2B7ECE6300DCC105 /* EditPlaylistView.swift */ = {isa = PBXFileReference; lastKnownFileType = sourcecode.swift; path = EditPlaylistView.swift; sourceTree = "<group>"; };
		2FD589882B7F804F003228AB /* Launch Screen.storyboard */ = {isa = PBXFileReference; lastKnownFileType = file.storyboard; path = "Launch Screen.storyboard"; sourceTree = "<group>"; };
		2FDB54C52B9E2D210087F24E /* ViewingOption.swift */ = {isa = PBXFileReference; lastKnownFileType = sourcecode.swift; path = ViewingOption.swift; sourceTree = "<group>"; };
		2FDD48092B6687A2009D100B /* IPTV-Info.plist */ = {isa = PBXFileReference; lastKnownFileType = text.plist.xml; path = "IPTV-Info.plist"; sourceTree = "<group>"; };
		2FE23EB82B9C652C00579625 /* FirstLaunchView.swift */ = {isa = PBXFileReference; lastKnownFileType = sourcecode.swift; path = FirstLaunchView.swift; sourceTree = "<group>"; };
		2FEF5E842B7A510500AB0193 /* ViewModel.swift */ = {isa = PBXFileReference; lastKnownFileType = sourcecode.swift; path = ViewModel.swift; sourceTree = "<group>"; };
		2FF145092B9DD2F7006B2508 /* SingleStreamView.swift */ = {isa = PBXFileReference; fileEncoding = 4; lastKnownFileType = sourcecode.swift; path = SingleStreamView.swift; sourceTree = "<group>"; };
/* End PBXFileReference section */

/* Begin PBXFrameworksBuildPhase section */
		2FB75B7E2B41A9FE00A16501 /* Frameworks */ = {
			isa = PBXFrameworksBuildPhase;
			buildActionMask = 2147483647;
			files = (
				2FFDFF562BA342C3001A0166 /* SDWebImageSwiftUI in Frameworks */,
				2FBE9A192BA0A0630090C126 /* M3UKit in Frameworks */,
			);
			runOnlyForDeploymentPostprocessing = 0;
		};
		2FBE9A1B2BA0A0AA0090C126 /* Frameworks */ = {
			isa = PBXFrameworksBuildPhase;
			buildActionMask = 2147483647;
			files = (
				2FFDFF582BA342C7001A0166 /* SDWebImageSwiftUI in Frameworks */,
				2FBE9A392BA0AB300090C126 /* M3UKit in Frameworks */,
			);
			runOnlyForDeploymentPostprocessing = 0;
		};
/* End PBXFrameworksBuildPhase section */

/* Begin PBXGroup section */
		2F5D6FD52B78FCDF009E1468 /* Playlist */ = {
			isa = PBXGroup;
			children = (
				2F5E8F912B78E29700850659 /* PlaylistsListView.swift */,
				2FCC7E5D2B7ECE6300DCC105 /* EditPlaylistView.swift */,
			);
			path = Playlist;
			sourceTree = "<group>";
		};
		2F5D6FD62B78FCEC009E1468 /* Media */ = {
			isa = PBXGroup;
			children = (
				2F588D512B9D962E009EB86B /* MediaCellView.swift */,
				2F5E8F8F2B78E1CE00850659 /* MediaListView.swift */,
			);
			path = Media;
			sourceTree = "<group>";
		};
		2F5D6FD72B78FCF6009E1468 /* Player */ = {
			isa = PBXGroup;
			children = (
				2F10D8942B70053B00C6847C /* PlayerView.swift */,
				2F5E8F8C2B78DB0B00850659 /* MediaDetailView.swift */,
			);
			path = Player;
			sourceTree = "<group>";
		};
		2F7AE6452B87B7F600F2F8CB /* IPTV */ = {
			isa = PBXGroup;
			children = (
				2FDB54C42B9E2D170087F24E /* Enums */,
				2FB75B992B41AE8B00A16501 /* Views */,
				2FB75B842B41A9FE00A16501 /* IPTVApp.swift */,
				2FB75B882B41A9FF00A16501 /* Assets.xcassets */,
				2FD589882B7F804F003228AB /* Launch Screen.storyboard */,
			);
			path = IPTV;
			sourceTree = "<group>";
		};
		2F7AE6632B87B96300F2F8CB /* Shared */ = {
			isa = PBXGroup;
			children = (
				2FBE9A362BA0AA410090C126 /* Views */,
				2FBE9A162BA09A790090C126 /* Extensions */,
				2FB2C46F2B753604007E7301 /* ViewModels */,
				2FD3E4532B650B0000AB6510 /* Models */,
				2FBE9A3A2BA0ABB20090C126 /* Shared.xcassets */,
			);
			path = Shared;
			sourceTree = "<group>";
		};
		2F7AE6662B87B9BF00F2F8CB /* Frameworks */ = {
			isa = PBXGroup;
			children = (
			);
			name = Frameworks;
			sourceTree = "<group>";
		};
		2FB2C46F2B753604007E7301 /* ViewModels */ = {
			isa = PBXGroup;
			children = (
				2FEF5E842B7A510500AB0193 /* ViewModel.swift */,
			);
			path = ViewModels;
			sourceTree = "<group>";
		};
		2FB75B782B41A9FE00A16501 = {
			isa = PBXGroup;
			children = (
				2F5A13FC2B9DF601005F270E /* Localizable.xcstrings */,
				2FB75B8A2B41A9FF00A16501 /* IPTV.entitlements */,
				2FDD48092B6687A2009D100B /* IPTV-Info.plist */,
				2F7AE6632B87B96300F2F8CB /* Shared */,
				2F7AE6452B87B7F600F2F8CB /* IPTV */,
				2FBE9A1F2BA0A0AA0090C126 /* IPTV TV */,
				2FB75B822B41A9FE00A16501 /* Products */,
				2F7AE6662B87B9BF00F2F8CB /* Frameworks */,
			);
			sourceTree = "<group>";
		};
		2FB75B822B41A9FE00A16501 /* Products */ = {
			isa = PBXGroup;
			children = (
				2FB75B812B41A9FE00A16501 /* IPTV.app */,
				2FBE9A1E2BA0A0AA0090C126 /* IPTV TV.app */,
			);
			name = Products;
			sourceTree = "<group>";
		};
		2FB75B992B41AE8B00A16501 /* Views */ = {
			isa = PBXGroup;
			children = (
				2FB8DE902B7E913900102C82 /* Overlays */,
				2F5D6FD52B78FCDF009E1468 /* Playlist */,
				2F5D6FD62B78FCEC009E1468 /* Media */,
				2F5D6FD72B78FCF6009E1468 /* Player */,
				2F73C7CA2B69390600547B76 /* ContentView.swift */,
			);
			path = Views;
			sourceTree = "<group>";
		};
		2FB8DE902B7E913900102C82 /* Overlays */ = {
			isa = PBXGroup;
			children = (
				2FF145092B9DD2F7006B2508 /* SingleStreamView.swift */,
				2FB8DE932B7E921800102C82 /* ErrorView.swift */,
				2FB8DE952B7E92BB00102C82 /* LoadingView.swift */,
			);
			path = Overlays;
			sourceTree = "<group>";
		};
		2FBE9A162BA09A790090C126 /* Extensions */ = {
			isa = PBXGroup;
			children = (
				2FBE9A142BA09A6C0090C126 /* Playlist.Media.swift */,
			);
			path = Extensions;
			sourceTree = "<group>";
		};
		2FBE9A1F2BA0A0AA0090C126 /* IPTV TV */ = {
			isa = PBXGroup;
			children = (
				2FBE9A322BA0A9900090C126 /* View */,
				2FBE9A202BA0A0AA0090C126 /* IPTVTVApp.swift */,
				2FBE9A222BA0A0AA0090C126 /* ContentView.swift */,
				2FBE9A242BA0A0AB0090C126 /* Assets.xcassets */,
			);
			path = "IPTV TV";
			sourceTree = "<group>";
		};
		2FBE9A322BA0A9900090C126 /* View */ = {
			isa = PBXGroup;
			children = (
				2FBE9A332BA0A9A60090C126 /* Playlists */,
				2FBE9A302BA0A98B0090C126 /* SettingsView.swift */,
			);
			path = View;
			sourceTree = "<group>";
		};
		2FBE9A332BA0A9A60090C126 /* Playlists */ = {
			isa = PBXGroup;
			children = (
				2FBE9A342BA0A9BA0090C126 /* PlaylistsListView.swift */,
			);
			path = Playlists;
			sourceTree = "<group>";
		};
		2FBE9A362BA0AA410090C126 /* Views */ = {
			isa = PBXGroup;
			children = (
				2FE23EB82B9C652C00579625 /* FirstLaunchView.swift */,
				2F01F3892B7EA6BB004514D3 /* AddPlaylistView.swift */,
			);
			path = Views;
			sourceTree = "<group>";
		};
		2FD3E4532B650B0000AB6510 /* Models */ = {
			isa = PBXGroup;
			children = (
				2F73C7CD2B69396C00547B76 /* ModelPlaylist.swift */,
			);
			path = Models;
			sourceTree = "<group>";
		};
		2FDB54C42B9E2D170087F24E /* Enums */ = {
			isa = PBXGroup;
			children = (
				2FDB54C52B9E2D210087F24E /* ViewingOption.swift */,
			);
			path = Enums;
			sourceTree = "<group>";
		};
/* End PBXGroup section */

/* Begin PBXNativeTarget section */
		2FB75B802B41A9FE00A16501 /* IPTV */ = {
			isa = PBXNativeTarget;
			buildConfigurationList = 2FB75B902B41A9FF00A16501 /* Build configuration list for PBXNativeTarget "IPTV" */;
			buildPhases = (
				2FB75B7D2B41A9FE00A16501 /* Sources */,
				2FB75B7E2B41A9FE00A16501 /* Frameworks */,
				2FB75B7F2B41A9FE00A16501 /* Resources */,
			);
			buildRules = (
			);
			dependencies = (
			);
			name = IPTV;
			packageProductDependencies = (
				2FBE9A182BA0A0630090C126 /* M3UKit */,
				2FFDFF552BA342C3001A0166 /* SDWebImageSwiftUI */,
			);
			productName = IPTV;
			productReference = 2FB75B812B41A9FE00A16501 /* IPTV.app */;
			productType = "com.apple.product-type.application";
		};
		2FBE9A1D2BA0A0AA0090C126 /* IPTV TV */ = {
			isa = PBXNativeTarget;
			buildConfigurationList = 2FBE9A292BA0A0AB0090C126 /* Build configuration list for PBXNativeTarget "IPTV TV" */;
			buildPhases = (
				2FBE9A1A2BA0A0AA0090C126 /* Sources */,
				2FBE9A1B2BA0A0AA0090C126 /* Frameworks */,
				2FBE9A1C2BA0A0AA0090C126 /* Resources */,
			);
			buildRules = (
			);
			dependencies = (
			);
			name = "IPTV TV";
			packageProductDependencies = (
				2FBE9A382BA0AB300090C126 /* M3UKit */,
				2FFDFF572BA342C7001A0166 /* SDWebImageSwiftUI */,
			);
			productName = "IPTV TV";
			productReference = 2FBE9A1E2BA0A0AA0090C126 /* IPTV TV.app */;
			productType = "com.apple.product-type.application";
		};
/* End PBXNativeTarget section */

/* Begin PBXProject section */
		2FB75B792B41A9FE00A16501 /* Project object */ = {
			isa = PBXProject;
			attributes = {
				BuildIndependentTargetsInParallel = 1;
				LastSwiftUpdateCheck = 1530;
				LastUpgradeCheck = 1520;
				ORGANIZATIONNAME = "";
				TargetAttributes = {
					2FB75B802B41A9FE00A16501 = {
						CreatedOnToolsVersion = 15.1;
						LastSwiftMigration = 1520;
					};
					2FBE9A1D2BA0A0AA0090C126 = {
						CreatedOnToolsVersion = 15.3;
					};
				};
			};
			buildConfigurationList = 2FB75B7C2B41A9FE00A16501 /* Build configuration list for PBXProject "IPTV" */;
			compatibilityVersion = "Xcode 15.0";
			developmentRegion = en;
			hasScannedForEncodings = 0;
			knownRegions = (
				en,
				"pt-PT",
			);
			mainGroup = 2FB75B782B41A9FE00A16501;
			packageReferences = (
				2FBE9A172BA0A0630090C126 /* XCRemoteSwiftPackageReference "M3UKit" */,
				2FFDFF542BA342B1001A0166 /* XCRemoteSwiftPackageReference "SDWebImageSwiftUI" */,
			);
			productRefGroup = 2FB75B822B41A9FE00A16501 /* Products */;
			projectDirPath = "";
			projectRoot = "";
			targets = (
				2FB75B802B41A9FE00A16501 /* IPTV */,
				2FBE9A1D2BA0A0AA0090C126 /* IPTV TV */,
			);
		};
/* End PBXProject section */

/* Begin PBXResourcesBuildPhase section */
		2FB75B7F2B41A9FE00A16501 /* Resources */ = {
			isa = PBXResourcesBuildPhase;
			buildActionMask = 2147483647;
			files = (
				2FD589892B7F804F003228AB /* Launch Screen.storyboard in Resources */,
				2FB75B892B41A9FF00A16501 /* Assets.xcassets in Resources */,
				2FBE9A3D2BA0B0170090C126 /* Shared.xcassets in Resources */,
				2F5A13FF2B9DF8C9005F270E /* Localizable.xcstrings in Resources */,
			);
			runOnlyForDeploymentPostprocessing = 0;
		};
		2FBE9A1C2BA0A0AA0090C126 /* Resources */ = {
			isa = PBXResourcesBuildPhase;
			buildActionMask = 2147483647;
			files = (
				2FBE9A252BA0A0AB0090C126 /* Assets.xcassets in Resources */,
				2FBE9A2F2BA0A17B0090C126 /* Localizable.xcstrings in Resources */,
				2FBE9A3B2BA0ABB20090C126 /* Shared.xcassets in Resources */,
			);
			runOnlyForDeploymentPostprocessing = 0;
		};
/* End PBXResourcesBuildPhase section */

/* Begin PBXSourcesBuildPhase section */
		2FB75B7D2B41A9FE00A16501 /* Sources */ = {
			isa = PBXSourcesBuildPhase;
			buildActionMask = 2147483647;
			files = (
				2F10D8952B70053B00C6847C /* PlayerView.swift in Sources */,
				2F73C7CE2B69396C00547B76 /* ModelPlaylist.swift in Sources */,
				2FCC7E5E2B7ECE6300DCC105 /* EditPlaylistView.swift in Sources */,
				2FB75B852B41A9FE00A16501 /* IPTVApp.swift in Sources */,
				2F5E8F922B78E29700850659 /* PlaylistsListView.swift in Sources */,
				2FB8DE962B7E92BB00102C82 /* LoadingView.swift in Sources */,
				2FBE9A152BA09A6C0090C126 /* Playlist.Media.swift in Sources */,
				2F01F38A2B7EA6BB004514D3 /* AddPlaylistView.swift in Sources */,
				2F5E8F902B78E1CE00850659 /* MediaListView.swift in Sources */,
				2FDB54C62B9E2D210087F24E /* ViewingOption.swift in Sources */,
				2F588D522B9D962E009EB86B /* MediaCellView.swift in Sources */,
				2F5E8F8D2B78DB0B00850659 /* MediaDetailView.swift in Sources */,
				2FF1450A2B9DD2F7006B2508 /* SingleStreamView.swift in Sources */,
				2FEF5E852B7A510500AB0193 /* ViewModel.swift in Sources */,
				2FB8DE942B7E921800102C82 /* ErrorView.swift in Sources */,
				2F73C7CC2B69390600547B76 /* ContentView.swift in Sources */,
				2FE23EB92B9C652C00579625 /* FirstLaunchView.swift in Sources */,
			);
			runOnlyForDeploymentPostprocessing = 0;
		};
		2FBE9A1A2BA0A0AA0090C126 /* Sources */ = {
			isa = PBXSourcesBuildPhase;
			buildActionMask = 2147483647;
			files = (
				2FBE9A3C2BA0AF180090C126 /* AddPlaylistView.swift in Sources */,
				2FBE9A352BA0A9BA0090C126 /* PlaylistsListView.swift in Sources */,
				2FBE9A232BA0A0AA0090C126 /* ContentView.swift in Sources */,
				2FBE9A2C2BA0A0BA0090C126 /* ViewModel.swift in Sources */,
				2FBE9A2D2BA0A0BA0090C126 /* Playlist.Media.swift in Sources */,
				2FBE9A312BA0A98B0090C126 /* SettingsView.swift in Sources */,
				2FBE9A2E2BA0A0BA0090C126 /* ModelPlaylist.swift in Sources */,
				2FBE9A372BA0AA550090C126 /* FirstLaunchView.swift in Sources */,
				2FBE9A212BA0A0AA0090C126 /* IPTVTVApp.swift in Sources */,
			);
			runOnlyForDeploymentPostprocessing = 0;
		};
/* End PBXSourcesBuildPhase section */

/* Begin XCBuildConfiguration section */
		2FB75B8E2B41A9FF00A16501 /* Debug */ = {
			isa = XCBuildConfiguration;
			buildSettings = {
				ALWAYS_SEARCH_USER_PATHS = NO;
				ASSETCATALOG_COMPILER_GENERATE_SWIFT_ASSET_SYMBOL_EXTENSIONS = YES;
				CLANG_ANALYZER_NONNULL = YES;
				CLANG_ANALYZER_NUMBER_OBJECT_CONVERSION = YES_AGGRESSIVE;
				CLANG_CXX_LANGUAGE_STANDARD = "gnu++20";
				CLANG_ENABLE_MODULES = YES;
				CLANG_ENABLE_OBJC_ARC = YES;
				CLANG_ENABLE_OBJC_WEAK = YES;
				CLANG_WARN_BLOCK_CAPTURE_AUTORELEASING = YES;
				CLANG_WARN_BOOL_CONVERSION = YES;
				CLANG_WARN_COMMA = YES;
				CLANG_WARN_CONSTANT_CONVERSION = YES;
				CLANG_WARN_DEPRECATED_OBJC_IMPLEMENTATIONS = YES;
				CLANG_WARN_DIRECT_OBJC_ISA_USAGE = YES_ERROR;
				CLANG_WARN_DOCUMENTATION_COMMENTS = YES;
				CLANG_WARN_EMPTY_BODY = YES;
				CLANG_WARN_ENUM_CONVERSION = YES;
				CLANG_WARN_INFINITE_RECURSION = YES;
				CLANG_WARN_INT_CONVERSION = YES;
				CLANG_WARN_NON_LITERAL_NULL_CONVERSION = YES;
				CLANG_WARN_OBJC_IMPLICIT_RETAIN_SELF = YES;
				CLANG_WARN_OBJC_LITERAL_CONVERSION = YES;
				CLANG_WARN_OBJC_ROOT_CLASS = YES_ERROR;
				CLANG_WARN_QUOTED_INCLUDE_IN_FRAMEWORK_HEADER = YES;
				CLANG_WARN_RANGE_LOOP_ANALYSIS = YES;
				CLANG_WARN_STRICT_PROTOTYPES = YES;
				CLANG_WARN_SUSPICIOUS_MOVE = YES;
				CLANG_WARN_UNGUARDED_AVAILABILITY = YES_AGGRESSIVE;
				CLANG_WARN_UNREACHABLE_CODE = YES;
				CLANG_WARN__DUPLICATE_METHOD_MATCH = YES;
				COPY_PHASE_STRIP = NO;
				DEAD_CODE_STRIPPING = YES;
				DEBUG_INFORMATION_FORMAT = dwarf;
				ENABLE_STRICT_OBJC_MSGSEND = YES;
				ENABLE_TESTABILITY = YES;
				ENABLE_USER_SCRIPT_SANDBOXING = YES;
				GCC_C_LANGUAGE_STANDARD = gnu17;
				GCC_DYNAMIC_NO_PIC = NO;
				GCC_NO_COMMON_BLOCKS = YES;
				GCC_OPTIMIZATION_LEVEL = 0;
				GCC_PREPROCESSOR_DEFINITIONS = (
					"DEBUG=1",
					"$(inherited)",
				);
				GCC_WARN_64_TO_32_BIT_CONVERSION = YES;
				GCC_WARN_ABOUT_RETURN_TYPE = YES_ERROR;
				GCC_WARN_UNDECLARED_SELECTOR = YES;
				GCC_WARN_UNINITIALIZED_AUTOS = YES_AGGRESSIVE;
				GCC_WARN_UNUSED_FUNCTION = YES;
				GCC_WARN_UNUSED_VARIABLE = YES;
				GENERATE_INFOPLIST_FILE = YES;
				IPHONEOS_DEPLOYMENT_TARGET = 17.0;
				LOCALIZATION_PREFERS_STRING_CATALOGS = YES;
				MACOSX_DEPLOYMENT_TARGET = 14.0;
				MTL_ENABLE_DEBUG_INFO = INCLUDE_SOURCE;
				MTL_FAST_MATH = YES;
				ONLY_ACTIVE_ARCH = YES;
				SWIFT_ACTIVE_COMPILATION_CONDITIONS = "DEBUG $(inherited)";
				SWIFT_OPTIMIZATION_LEVEL = "-Onone";
				TVOS_DEPLOYMENT_TARGET = 17.0;
			};
			name = Debug;
		};
		2FB75B8F2B41A9FF00A16501 /* Release */ = {
			isa = XCBuildConfiguration;
			buildSettings = {
				ALWAYS_SEARCH_USER_PATHS = NO;
				ASSETCATALOG_COMPILER_GENERATE_SWIFT_ASSET_SYMBOL_EXTENSIONS = YES;
				CLANG_ANALYZER_NONNULL = YES;
				CLANG_ANALYZER_NUMBER_OBJECT_CONVERSION = YES_AGGRESSIVE;
				CLANG_CXX_LANGUAGE_STANDARD = "gnu++20";
				CLANG_ENABLE_MODULES = YES;
				CLANG_ENABLE_OBJC_ARC = YES;
				CLANG_ENABLE_OBJC_WEAK = YES;
				CLANG_WARN_BLOCK_CAPTURE_AUTORELEASING = YES;
				CLANG_WARN_BOOL_CONVERSION = YES;
				CLANG_WARN_COMMA = YES;
				CLANG_WARN_CONSTANT_CONVERSION = YES;
				CLANG_WARN_DEPRECATED_OBJC_IMPLEMENTATIONS = YES;
				CLANG_WARN_DIRECT_OBJC_ISA_USAGE = YES_ERROR;
				CLANG_WARN_DOCUMENTATION_COMMENTS = YES;
				CLANG_WARN_EMPTY_BODY = YES;
				CLANG_WARN_ENUM_CONVERSION = YES;
				CLANG_WARN_INFINITE_RECURSION = YES;
				CLANG_WARN_INT_CONVERSION = YES;
				CLANG_WARN_NON_LITERAL_NULL_CONVERSION = YES;
				CLANG_WARN_OBJC_IMPLICIT_RETAIN_SELF = YES;
				CLANG_WARN_OBJC_LITERAL_CONVERSION = YES;
				CLANG_WARN_OBJC_ROOT_CLASS = YES_ERROR;
				CLANG_WARN_QUOTED_INCLUDE_IN_FRAMEWORK_HEADER = YES;
				CLANG_WARN_RANGE_LOOP_ANALYSIS = YES;
				CLANG_WARN_STRICT_PROTOTYPES = YES;
				CLANG_WARN_SUSPICIOUS_MOVE = YES;
				CLANG_WARN_UNGUARDED_AVAILABILITY = YES_AGGRESSIVE;
				CLANG_WARN_UNREACHABLE_CODE = YES;
				CLANG_WARN__DUPLICATE_METHOD_MATCH = YES;
				COPY_PHASE_STRIP = NO;
				DEAD_CODE_STRIPPING = YES;
				DEBUG_INFORMATION_FORMAT = "dwarf-with-dsym";
				ENABLE_NS_ASSERTIONS = NO;
				ENABLE_STRICT_OBJC_MSGSEND = YES;
				ENABLE_USER_SCRIPT_SANDBOXING = YES;
				GCC_C_LANGUAGE_STANDARD = gnu17;
				GCC_NO_COMMON_BLOCKS = YES;
				GCC_WARN_64_TO_32_BIT_CONVERSION = YES;
				GCC_WARN_ABOUT_RETURN_TYPE = YES_ERROR;
				GCC_WARN_UNDECLARED_SELECTOR = YES;
				GCC_WARN_UNINITIALIZED_AUTOS = YES_AGGRESSIVE;
				GCC_WARN_UNUSED_FUNCTION = YES;
				GCC_WARN_UNUSED_VARIABLE = YES;
				GENERATE_INFOPLIST_FILE = YES;
				IPHONEOS_DEPLOYMENT_TARGET = 17.0;
				LOCALIZATION_PREFERS_STRING_CATALOGS = YES;
				MACOSX_DEPLOYMENT_TARGET = 14.0;
				MTL_ENABLE_DEBUG_INFO = NO;
				MTL_FAST_MATH = YES;
				SWIFT_COMPILATION_MODE = wholemodule;
				TVOS_DEPLOYMENT_TARGET = 17.0;
			};
			name = Release;
		};
		2FB75B912B41A9FF00A16501 /* Debug */ = {
			isa = XCBuildConfiguration;
			buildSettings = {
				ASSETCATALOG_COMPILER_APPICON_NAME = AppIcon;
				ASSETCATALOG_COMPILER_GLOBAL_ACCENT_COLOR_NAME = AccentColor;
				ASSETCATALOG_COMPILER_INCLUDE_ALL_APPICON_ASSETS = YES;
				CLANG_ENABLE_MODULES = YES;
				CODE_SIGN_ENTITLEMENTS = IPTV.entitlements;
				CODE_SIGN_IDENTITY = "Apple Development";
				CODE_SIGN_STYLE = Automatic;
				CURRENT_PROJECT_VERSION = 1;
				DEAD_CODE_STRIPPING = YES;
				DEVELOPMENT_TEAM = 98PM4FCU49;
				ENABLE_HARDENED_RUNTIME = YES;
				"ENABLE_HARDENED_RUNTIME[sdk=macosx*]" = YES;
				ENABLE_PREVIEWS = YES;
				GENERATE_INFOPLIST_FILE = YES;
				INFOPLIST_FILE = "IPTV-Info.plist";
				INFOPLIST_KEY_CFBundleDisplayName = IPTV;
				INFOPLIST_KEY_LSApplicationCategoryType = "public.app-category.entertainment";
				"INFOPLIST_KEY_UIApplicationSceneManifest_Generation[sdk=iphoneos*]" = YES;
				"INFOPLIST_KEY_UIApplicationSceneManifest_Generation[sdk=iphonesimulator*]" = YES;
				INFOPLIST_KEY_UIApplicationSupportsIndirectInputEvents = YES;
				"INFOPLIST_KEY_UIApplicationSupportsIndirectInputEvents[sdk=iphoneos*]" = YES;
				"INFOPLIST_KEY_UIApplicationSupportsIndirectInputEvents[sdk=iphonesimulator*]" = YES;
				INFOPLIST_KEY_UILaunchScreen_Generation = YES;
				"INFOPLIST_KEY_UILaunchScreen_Generation[sdk=iphoneos*]" = YES;
				"INFOPLIST_KEY_UILaunchScreen_Generation[sdk=iphonesimulator*]" = YES;
				INFOPLIST_KEY_UILaunchStoryboardName = "Launch Screen.storyboard";
				INFOPLIST_KEY_UIRequiresFullScreen = YES;
				INFOPLIST_KEY_UIStatusBarStyle = UIStatusBarStyleDefault;
				"INFOPLIST_KEY_UIStatusBarStyle[sdk=iphoneos*]" = UIStatusBarStyleDefault;
				"INFOPLIST_KEY_UIStatusBarStyle[sdk=iphonesimulator*]" = UIStatusBarStyleDefault;
				INFOPLIST_KEY_UISupportedInterfaceOrientations = "UIInterfaceOrientationLandscapeLeft UIInterfaceOrientationLandscapeRight UIInterfaceOrientationPortrait UIInterfaceOrientationPortraitUpsideDown";
				IPHONEOS_DEPLOYMENT_TARGET = 17.0;
				LD_RUNPATH_SEARCH_PATHS = "@executable_path/Frameworks";
				"LD_RUNPATH_SEARCH_PATHS[sdk=macosx*]" = "@executable_path/../Frameworks";
				MACOSX_DEPLOYMENT_TARGET = 14.0;
				MARKETING_VERSION = 1.0;
				PRODUCT_BUNDLE_IDENTIFIER = me.pedrocordeiro.IPTV;
				PRODUCT_NAME = "$(TARGET_NAME)";
				PROVISIONING_PROFILE_SPECIFIER = "";
				SDKROOT = iphoneos;
				SUPPORTED_PLATFORMS = "iphoneos iphonesimulator";
				SUPPORTS_MACCATALYST = YES;
				SUPPORTS_MAC_DESIGNED_FOR_IPHONE_IPAD = NO;
				SUPPORTS_XR_DESIGNED_FOR_IPHONE_IPAD = YES;
				SWIFT_EMIT_LOC_STRINGS = YES;
				SWIFT_INSTALL_OBJC_HEADER = NO;
				SWIFT_OPTIMIZATION_LEVEL = "-Onone";
				SWIFT_PRECOMPILE_BRIDGING_HEADER = NO;
				SWIFT_VERSION = 5.0;
				TARGETED_DEVICE_FAMILY = "1,2,6";
				TVOS_DEPLOYMENT_TARGET = 17.0;
			};
			name = Debug;
		};
		2FB75B922B41A9FF00A16501 /* Release */ = {
			isa = XCBuildConfiguration;
			buildSettings = {
				ASSETCATALOG_COMPILER_APPICON_NAME = AppIcon;
				ASSETCATALOG_COMPILER_GLOBAL_ACCENT_COLOR_NAME = AccentColor;
				ASSETCATALOG_COMPILER_INCLUDE_ALL_APPICON_ASSETS = YES;
				CLANG_ENABLE_MODULES = YES;
				CODE_SIGN_ENTITLEMENTS = IPTV.entitlements;
				CODE_SIGN_IDENTITY = "Apple Development";
				CODE_SIGN_STYLE = Automatic;
				CURRENT_PROJECT_VERSION = 1;
				DEAD_CODE_STRIPPING = YES;
				DEVELOPMENT_TEAM = 98PM4FCU49;
				ENABLE_HARDENED_RUNTIME = YES;
				"ENABLE_HARDENED_RUNTIME[sdk=macosx*]" = YES;
				ENABLE_PREVIEWS = YES;
				GENERATE_INFOPLIST_FILE = YES;
				INFOPLIST_FILE = "IPTV-Info.plist";
				INFOPLIST_KEY_CFBundleDisplayName = IPTV;
				INFOPLIST_KEY_LSApplicationCategoryType = "public.app-category.entertainment";
				"INFOPLIST_KEY_UIApplicationSceneManifest_Generation[sdk=iphoneos*]" = YES;
				"INFOPLIST_KEY_UIApplicationSceneManifest_Generation[sdk=iphonesimulator*]" = YES;
				INFOPLIST_KEY_UIApplicationSupportsIndirectInputEvents = YES;
				"INFOPLIST_KEY_UIApplicationSupportsIndirectInputEvents[sdk=iphoneos*]" = YES;
				"INFOPLIST_KEY_UIApplicationSupportsIndirectInputEvents[sdk=iphonesimulator*]" = YES;
				INFOPLIST_KEY_UILaunchScreen_Generation = YES;
				"INFOPLIST_KEY_UILaunchScreen_Generation[sdk=iphoneos*]" = YES;
				"INFOPLIST_KEY_UILaunchScreen_Generation[sdk=iphonesimulator*]" = YES;
				INFOPLIST_KEY_UILaunchStoryboardName = "Launch Screen.storyboard";
				INFOPLIST_KEY_UIRequiresFullScreen = YES;
				INFOPLIST_KEY_UIStatusBarStyle = UIStatusBarStyleDefault;
				"INFOPLIST_KEY_UIStatusBarStyle[sdk=iphoneos*]" = UIStatusBarStyleDefault;
				"INFOPLIST_KEY_UIStatusBarStyle[sdk=iphonesimulator*]" = UIStatusBarStyleDefault;
				INFOPLIST_KEY_UISupportedInterfaceOrientations = "UIInterfaceOrientationLandscapeLeft UIInterfaceOrientationLandscapeRight UIInterfaceOrientationPortrait UIInterfaceOrientationPortraitUpsideDown";
				IPHONEOS_DEPLOYMENT_TARGET = 17.0;
				LD_RUNPATH_SEARCH_PATHS = "@executable_path/Frameworks";
				"LD_RUNPATH_SEARCH_PATHS[sdk=macosx*]" = "@executable_path/../Frameworks";
				MACOSX_DEPLOYMENT_TARGET = 14.0;
				MARKETING_VERSION = 1.0;
				PRODUCT_BUNDLE_IDENTIFIER = me.pedrocordeiro.IPTV;
				PRODUCT_NAME = "$(TARGET_NAME)";
				PROVISIONING_PROFILE_SPECIFIER = "";
				SDKROOT = iphoneos;
				SUPPORTED_PLATFORMS = "iphoneos iphonesimulator";
				SUPPORTS_MACCATALYST = YES;
				SUPPORTS_MAC_DESIGNED_FOR_IPHONE_IPAD = NO;
				SUPPORTS_XR_DESIGNED_FOR_IPHONE_IPAD = YES;
				SWIFT_EMIT_LOC_STRINGS = YES;
				SWIFT_INSTALL_OBJC_HEADER = NO;
				SWIFT_PRECOMPILE_BRIDGING_HEADER = NO;
				SWIFT_VERSION = 5.0;
				TARGETED_DEVICE_FAMILY = "1,2,6";
				TVOS_DEPLOYMENT_TARGET = 17.0;
			};
			name = Release;
		};
		2FBE9A2A2BA0A0AB0090C126 /* Debug */ = {
			isa = XCBuildConfiguration;
			buildSettings = {
				ASSETCATALOG_COMPILER_APPICON_NAME = "App Icon & Top Shelf Image";
				ASSETCATALOG_COMPILER_GLOBAL_ACCENT_COLOR_NAME = AccentColor;
				CODE_SIGN_STYLE = Automatic;
				CURRENT_PROJECT_VERSION = 1;
				DEVELOPMENT_ASSET_PATHS = "";
				DEVELOPMENT_TEAM = 98PM4FCU49;
				ENABLE_PREVIEWS = YES;
				GENERATE_INFOPLIST_FILE = YES;
				INFOPLIST_KEY_CFBundleDisplayName = IPTV;
				INFOPLIST_KEY_UILaunchScreen_Generation = YES;
				INFOPLIST_KEY_UIUserInterfaceStyle = Automatic;
				LD_RUNPATH_SEARCH_PATHS = (
					"$(inherited)",
					"@executable_path/Frameworks",
				);
				MARKETING_VERSION = 1.0;
				PRODUCT_BUNDLE_IDENTIFIER = "me.pedrocordeiro.IPTV-TV";
				PRODUCT_NAME = "$(TARGET_NAME)";
				SDKROOT = appletvos;
				SWIFT_EMIT_LOC_STRINGS = YES;
				SWIFT_VERSION = 5.0;
				TARGETED_DEVICE_FAMILY = 3;
				TVOS_DEPLOYMENT_TARGET = 17.4;
			};
			name = Debug;
		};
		2FBE9A2B2BA0A0AB0090C126 /* Release */ = {
			isa = XCBuildConfiguration;
			buildSettings = {
				ASSETCATALOG_COMPILER_APPICON_NAME = "App Icon & Top Shelf Image";
				ASSETCATALOG_COMPILER_GLOBAL_ACCENT_COLOR_NAME = AccentColor;
				CODE_SIGN_STYLE = Automatic;
				CURRENT_PROJECT_VERSION = 1;
				DEVELOPMENT_ASSET_PATHS = "";
				DEVELOPMENT_TEAM = 98PM4FCU49;
				ENABLE_PREVIEWS = YES;
				GENERATE_INFOPLIST_FILE = YES;
				INFOPLIST_KEY_CFBundleDisplayName = IPTV;
				INFOPLIST_KEY_UILaunchScreen_Generation = YES;
				INFOPLIST_KEY_UIUserInterfaceStyle = Automatic;
				LD_RUNPATH_SEARCH_PATHS = (
					"$(inherited)",
					"@executable_path/Frameworks",
				);
				MARKETING_VERSION = 1.0;
				PRODUCT_BUNDLE_IDENTIFIER = "me.pedrocordeiro.IPTV-TV";
				PRODUCT_NAME = "$(TARGET_NAME)";
				SDKROOT = appletvos;
				SWIFT_EMIT_LOC_STRINGS = YES;
				SWIFT_VERSION = 5.0;
				TARGETED_DEVICE_FAMILY = 3;
				TVOS_DEPLOYMENT_TARGET = 17.4;
				VALIDATE_PRODUCT = YES;
			};
			name = Release;
		};
/* End XCBuildConfiguration section */

/* Begin XCConfigurationList section */
		2FB75B7C2B41A9FE00A16501 /* Build configuration list for PBXProject "IPTV" */ = {
			isa = XCConfigurationList;
			buildConfigurations = (
				2FB75B8E2B41A9FF00A16501 /* Debug */,
				2FB75B8F2B41A9FF00A16501 /* Release */,
			);
			defaultConfigurationIsVisible = 0;
			defaultConfigurationName = Debug;
		};
		2FB75B902B41A9FF00A16501 /* Build configuration list for PBXNativeTarget "IPTV" */ = {
			isa = XCConfigurationList;
			buildConfigurations = (
				2FB75B912B41A9FF00A16501 /* Debug */,
				2FB75B922B41A9FF00A16501 /* Release */,
			);
			defaultConfigurationIsVisible = 0;
			defaultConfigurationName = Debug;
		};
		2FBE9A292BA0A0AB0090C126 /* Build configuration list for PBXNativeTarget "IPTV TV" */ = {
			isa = XCConfigurationList;
			buildConfigurations = (
				2FBE9A2A2BA0A0AB0090C126 /* Debug */,
				2FBE9A2B2BA0A0AB0090C126 /* Release */,
			);
			defaultConfigurationIsVisible = 0;
			defaultConfigurationName = Debug;
		};
/* End XCConfigurationList section */

/* Begin XCRemoteSwiftPackageReference section */
		2FBE9A172BA0A0630090C126 /* XCRemoteSwiftPackageReference "M3UKit" */ = {
			isa = XCRemoteSwiftPackageReference;
			repositoryURL = "https://github.com/omaralbeik/M3UKit.git";
			requirement = {
				kind = upToNextMinorVersion;
				minimumVersion = 0.8.1;
			};
		};
		2FFDFF542BA342B1001A0166 /* XCRemoteSwiftPackageReference "SDWebImageSwiftUI" */ = {
			isa = XCRemoteSwiftPackageReference;
			repositoryURL = "https://github.com/SDWebImage/SDWebImageSwiftUI.git";
			requirement = {
				kind = upToNextMinorVersion;
				minimumVersion = 3.0.0;
			};
		};
/* End XCRemoteSwiftPackageReference section */

/* Begin XCSwiftPackageProductDependency section */
		2FBE9A182BA0A0630090C126 /* M3UKit */ = {
			isa = XCSwiftPackageProductDependency;
			package = 2FBE9A172BA0A0630090C126 /* XCRemoteSwiftPackageReference "M3UKit" */;
			productName = M3UKit;
		};
		2FBE9A382BA0AB300090C126 /* M3UKit */ = {
			isa = XCSwiftPackageProductDependency;
			package = 2FBE9A172BA0A0630090C126 /* XCRemoteSwiftPackageReference "M3UKit" */;
			productName = M3UKit;
		};
		2FFDFF552BA342C3001A0166 /* SDWebImageSwiftUI */ = {
			isa = XCSwiftPackageProductDependency;
			package = 2FFDFF542BA342B1001A0166 /* XCRemoteSwiftPackageReference "SDWebImageSwiftUI" */;
			productName = SDWebImageSwiftUI;
		};
		2FFDFF572BA342C7001A0166 /* SDWebImageSwiftUI */ = {
			isa = XCSwiftPackageProductDependency;
			package = 2FFDFF542BA342B1001A0166 /* XCRemoteSwiftPackageReference "SDWebImageSwiftUI" */;
			productName = SDWebImageSwiftUI;
		};
/* End XCSwiftPackageProductDependency section */
	};
	rootObject = 2FB75B792B41A9FE00A16501 /* Project object */;
}
