// !$*UTF8*$!
{
	archiveVersion = 1;
	classes = {
	};
	objectVersion = 77;
	objects = {

/* Begin PBXBuildFile section */
		2F197AEB2C137E5800A2E309 /* UIOnboarding in Frameworks */ = {isa = PBXBuildFile; platformFilter = ios; productRef = 2F197AEA2C137E5800A2E309 /* UIOnboarding */; };
		2F5FC9FF2BDD0FC900BD67A5 /* SWCompression in Frameworks */ = {isa = PBXBuildFile; productRef = 2F5FC9FE2BDD0FC900BD67A5 /* SWCompression */; };
		2F65285E2C332FB800302F67 /* M3UKit in Frameworks */ = {isa = PBXBuildFile; productRef = 2F65285D2C332FB800302F67 /* M3UKit */; };
		2F6528612C332FD800302F67 /* XMLTV in Frameworks */ = {isa = PBXBuildFile; productRef = 2F6528602C332FD800302F67 /* XMLTV */; };
		2F6B1C982BDD754B00D09A6A /* XMLTV in Frameworks */ = {isa = PBXBuildFile; productRef = 2F6B1C972BDD754B00D09A6A /* XMLTV */; };
		2F6B1C9B2BDD755700D09A6A /* XMLTV in Frameworks */ = {isa = PBXBuildFile; productRef = 2F6B1C9A2BDD755700D09A6A /* XMLTV */; };
		2F6B1C9E2BDD756400D09A6A /* M3UKit in Frameworks */ = {isa = PBXBuildFile; productRef = 2F6B1C9D2BDD756400D09A6A /* M3UKit */; };
		2F6B1CA12BDD757400D09A6A /* LightXMLParser in Frameworks */ = {isa = PBXBuildFile; productRef = 2F6B1CA02BDD757400D09A6A /* LightXMLParser */; };
		2FC89E6A2C5FE9B300701595 /* SwiftyXMLParser in Frameworks */ = {isa = PBXBuildFile; productRef = 2FC89E692C5FE9B300701595 /* SwiftyXMLParser */; };
		2FFDFF562BA342C3001A0166 /* SDWebImageSwiftUI in Frameworks */ = {isa = PBXBuildFile; productRef = 2FFDFF552BA342C3001A0166 /* SDWebImageSwiftUI */; };
/* End PBXBuildFile section */

/* Begin PBXCopyFilesBuildPhase section */
		2FE896442BBB299B003135C2 /* Embed Foundation Extensions */ = {
			isa = PBXCopyFilesBuildPhase;
			buildActionMask = 2147483647;
			dstPath = "";
			dstSubfolderSpec = 13;
			files = (
			);
			name = "Embed Foundation Extensions";
			runOnlyForDeploymentPostprocessing = 0;
		};
/* End PBXCopyFilesBuildPhase section */

/* Begin PBXFileReference section */
		2FB75B812B41A9FE00A16501 /* IPTV App.app */ = {isa = PBXFileReference; explicitFileType = wrapper.application; includeInIndex = 0; path = "IPTV App.app"; sourceTree = BUILT_PRODUCTS_DIR; };
/* End PBXFileReference section */

/* Begin PBXFileSystemSynchronizedBuildFileExceptionSet section */
		2FFD067F2CB0257600DBB793 /* Exceptions for "IPTV App" folder in "IPTV App" target */ = {
			isa = PBXFileSystemSynchronizedBuildFileExceptionSet;
			membershipExceptions = (
				Info.plist,
				PrivacyInfo.xcprivacy,
			);
			platformFiltersByRelativePath = {
				"App & Controllers/OnboardingController.swift" = (ios, );
				Extensions/UserInterfaceSizeClass.swift = (ios, );
				"Launch Screen.storyboard" = (ios, );
				"Views/Components/Player/NSPlayerViewController+Representable.swift" = (macos, );
				"Views/Components/Player/UIPlayerViewController+Representable.swift" = (ios, );
				Views/Modals/FirstLaunchView.swift = (macos, );
				Views/Pages/ChangeIconView.swift = (ios, );
			};
			target = 2FB75B802B41A9FE00A16501 /* IPTV App */;
		};
/* End PBXFileSystemSynchronizedBuildFileExceptionSet section */

/* Begin PBXFileSystemSynchronizedRootGroup section */
		2FFD066E2CB0257500DBB793 /* IPTV App */ = {
			isa = PBXFileSystemSynchronizedRootGroup;
			exceptions = (
				2FFD067F2CB0257600DBB793 /* Exceptions for "IPTV App" folder in "IPTV App" target */,
			);
			path = "IPTV App";
			sourceTree = "<group>";
		};
/* End PBXFileSystemSynchronizedRootGroup section */

/* Begin PBXFrameworksBuildPhase section */
		2FB75B7E2B41A9FE00A16501 /* Frameworks */ = {
			isa = PBXFrameworksBuildPhase;
			buildActionMask = 2147483647;
			files = (
				2F6B1C982BDD754B00D09A6A /* XMLTV in Frameworks */,
				2F6B1CA12BDD757400D09A6A /* LightXMLParser in Frameworks */,
				2F6B1C9E2BDD756400D09A6A /* M3UKit in Frameworks */,
				2F6528612C332FD800302F67 /* XMLTV in Frameworks */,
				2F65285E2C332FB800302F67 /* M3UKit in Frameworks */,
				2F6B1C9B2BDD755700D09A6A /* XMLTV in Frameworks */,
				2F197AEB2C137E5800A2E309 /* UIOnboarding in Frameworks */,
				2F5FC9FF2BDD0FC900BD67A5 /* SWCompression in Frameworks */,
				2FFDFF562BA342C3001A0166 /* SDWebImageSwiftUI in Frameworks */,
				2FC89E6A2C5FE9B300701595 /* SwiftyXMLParser in Frameworks */,
			);
			runOnlyForDeploymentPostprocessing = 0;
		};
/* End PBXFrameworksBuildPhase section */

/* Begin PBXGroup section */
		2F03A41E2BF3BD8700A54AC3 /* Frameworks */ = {
			isa = PBXGroup;
			children = (
			);
			name = Frameworks;
			sourceTree = "<group>";
		};
		2FB75B782B41A9FE00A16501 = {
			isa = PBXGroup;
			children = (
				2FFD066E2CB0257500DBB793 /* IPTV App */,
				2FB75B822B41A9FE00A16501 /* Products */,
				2F03A41E2BF3BD8700A54AC3 /* Frameworks */,
			);
			sourceTree = "<group>";
		};
		2FB75B822B41A9FE00A16501 /* Products */ = {
			isa = PBXGroup;
			children = (
				2FB75B812B41A9FE00A16501 /* IPTV App.app */,
			);
			name = Products;
			sourceTree = "<group>";
		};
/* End PBXGroup section */

/* Begin PBXNativeTarget section */
		2FB75B802B41A9FE00A16501 /* IPTV App */ = {
			isa = PBXNativeTarget;
			buildConfigurationList = 2FB75B902B41A9FF00A16501 /* Build configuration list for PBXNativeTarget "IPTV App" */;
			buildPhases = (
				2FB75B7D2B41A9FE00A16501 /* Sources */,
				2FB75B7E2B41A9FE00A16501 /* Frameworks */,
				2FB75B7F2B41A9FE00A16501 /* Resources */,
				2FE896442BBB299B003135C2 /* Embed Foundation Extensions */,
			);
			buildRules = (
			);
			dependencies = (
			);
			fileSystemSynchronizedGroups = (
				2FFD066E2CB0257500DBB793 /* IPTV App */,
			);
			name = "IPTV App";
			packageProductDependencies = (
				2FFDFF552BA342C3001A0166 /* SDWebImageSwiftUI */,
				2F5FC9FE2BDD0FC900BD67A5 /* SWCompression */,
				2F6B1C972BDD754B00D09A6A /* XMLTV */,
				2F6B1C9A2BDD755700D09A6A /* XMLTV */,
				2F6B1C9D2BDD756400D09A6A /* M3UKit */,
				2F6B1CA02BDD757400D09A6A /* LightXMLParser */,
				2F197AEA2C137E5800A2E309 /* UIOnboarding */,
				2F65285D2C332FB800302F67 /* M3UKit */,
				2F6528602C332FD800302F67 /* XMLTV */,
				2FC89E692C5FE9B300701595 /* SwiftyXMLParser */,
			);
			productName = IPTV;
			productReference = 2FB75B812B41A9FE00A16501 /* IPTV App.app */;
			productType = "com.apple.product-type.application";
		};
/* End PBXNativeTarget section */

/* Begin PBXProject section */
		2FB75B792B41A9FE00A16501 /* Project object */ = {
			isa = PBXProject;
			attributes = {
				BuildIndependentTargetsInParallel = 1;
				LastSwiftUpdateCheck = 1540;
				LastUpgradeCheck = 1640;
				ORGANIZATIONNAME = "";
				TargetAttributes = {
					2FB75B802B41A9FE00A16501 = {
						CreatedOnToolsVersion = 15.1;
						LastSwiftMigration = 1520;
					};
				};
			};
			buildConfigurationList = 2FB75B7C2B41A9FE00A16501 /* Build configuration list for PBXProject "IPTV App" */;
			developmentRegion = en;
			hasScannedForEncodings = 0;
			knownRegions = (
				en,
				"pt-PT",
				Base,
			);
			mainGroup = 2FB75B782B41A9FE00A16501;
			packageReferences = (
				2FFDFF542BA342B1001A0166 /* XCRemoteSwiftPackageReference "SDWebImageSwiftUI" */,
				2F5FC9FD2BDD0FC900BD67A5 /* XCRemoteSwiftPackageReference "SWCompression" */,
				2F197AE92C137E5800A2E309 /* XCRemoteSwiftPackageReference "UIOnboarding" */,
				2F65285C2C332FB800302F67 /* XCRemoteSwiftPackageReference "M3UKit" */,
				2F65285F2C332FD800302F67 /* XCRemoteSwiftPackageReference "XMLTV" */,
				2FC89E682C5FE9B300701595 /* XCRemoteSwiftPackageReference "SwiftyXMLParser" */,
			);
			preferredProjectObjectVersion = 77;
			productRefGroup = 2FB75B822B41A9FE00A16501 /* Products */;
			projectDirPath = "";
			projectRoot = "";
			targets = (
				2FB75B802B41A9FE00A16501 /* IPTV App */,
			);
		};
/* End PBXProject section */

/* Begin PBXResourcesBuildPhase section */
		2FB75B7F2B41A9FE00A16501 /* Resources */ = {
			isa = PBXResourcesBuildPhase;
			buildActionMask = 2147483647;
			files = (
			);
			runOnlyForDeploymentPostprocessing = 0;
		};
/* End PBXResourcesBuildPhase section */

/* Begin PBXSourcesBuildPhase section */
		2FB75B7D2B41A9FE00A16501 /* Sources */ = {
			isa = PBXSourcesBuildPhase;
			buildActionMask = 2147483647;
			files = (
			);
			runOnlyForDeploymentPostprocessing = 0;
		};
/* End PBXSourcesBuildPhase section */

/* Begin XCBuildConfiguration section */
		2FB75B8E2B41A9FF00A16501 /* Debug */ = {
			isa = XCBuildConfiguration;
			buildSettings = {
				ALWAYS_SEARCH_USER_PATHS = NO;
				ASSETCATALOG_COMPILER_GENERATE_SWIFT_ASSET_SYMBOL_EXTENSIONS = YES;
				CLANG_ANALYZER_LOCALIZABILITY_NONLOCALIZED = YES;
				CLANG_ANALYZER_NONNULL = YES;
				CLANG_ANALYZER_NUMBER_OBJECT_CONVERSION = YES_AGGRESSIVE;
				CLANG_CXX_LANGUAGE_STANDARD = "gnu++20";
				CLANG_ENABLE_MODULES = YES;
				CLANG_ENABLE_OBJC_ARC = YES;
				CLANG_ENABLE_OBJC_WEAK = YES;
				CLANG_WARN_BLOCK_CAPTURE_AUTORELEASING = YES;
				CLANG_WARN_BOOL_CONVERSION = YES;
				CLANG_WARN_COMMA = YES;
				CLANG_WARN_CONSTANT_CONVERSION = YES;
				CLANG_WARN_DEPRECATED_OBJC_IMPLEMENTATIONS = YES;
				CLANG_WARN_DIRECT_OBJC_ISA_USAGE = YES_ERROR;
				CLANG_WARN_DOCUMENTATION_COMMENTS = YES;
				CLANG_WARN_EMPTY_BODY = YES;
				CLANG_WARN_ENUM_CONVERSION = YES;
				CLANG_WARN_INFINITE_RECURSION = YES;
				CLANG_WARN_INT_CONVERSION = YES;
				CLANG_WARN_NON_LITERAL_NULL_CONVERSION = YES;
				CLANG_WARN_OBJC_IMPLICIT_RETAIN_SELF = YES;
				CLANG_WARN_OBJC_LITERAL_CONVERSION = YES;
				CLANG_WARN_OBJC_ROOT_CLASS = YES_ERROR;
				CLANG_WARN_QUOTED_INCLUDE_IN_FRAMEWORK_HEADER = YES;
				CLANG_WARN_RANGE_LOOP_ANALYSIS = YES;
				CLANG_WARN_STRICT_PROTOTYPES = YES;
				CLANG_WARN_SUSPICIOUS_MOVE = YES;
				CLANG_WARN_UNGUARDED_AVAILABILITY = YES_AGGRESSIVE;
				CLANG_WARN_UNREACHABLE_CODE = YES;
				CLANG_WARN__DUPLICATE_METHOD_MATCH = YES;
				COPY_PHASE_STRIP = NO;
				DEAD_CODE_STRIPPING = YES;
				DEBUG_INFORMATION_FORMAT = dwarf;
				DEVELOPMENT_TEAM = 9TMMFKS9DW;
				ENABLE_STRICT_OBJC_MSGSEND = YES;
				ENABLE_TESTABILITY = YES;
				ENABLE_USER_SCRIPT_SANDBOXING = YES;
				GCC_C_LANGUAGE_STANDARD = gnu17;
				GCC_DYNAMIC_NO_PIC = NO;
				GCC_NO_COMMON_BLOCKS = YES;
				GCC_OPTIMIZATION_LEVEL = 0;
				GCC_PREPROCESSOR_DEFINITIONS = (
					"DEBUG=1",
					"$(inherited)",
				);
				GCC_WARN_64_TO_32_BIT_CONVERSION = YES;
				GCC_WARN_ABOUT_RETURN_TYPE = YES_ERROR;
				GCC_WARN_UNDECLARED_SELECTOR = YES;
				GCC_WARN_UNINITIALIZED_AUTOS = YES_AGGRESSIVE;
				GCC_WARN_UNUSED_FUNCTION = YES;
				GCC_WARN_UNUSED_VARIABLE = YES;
				GENERATE_INFOPLIST_FILE = YES;
				IPHONEOS_DEPLOYMENT_TARGET = 17.0;
				LOCALIZATION_PREFERS_STRING_CATALOGS = YES;
				MACOSX_DEPLOYMENT_TARGET = 14.0;
				MTL_ENABLE_DEBUG_INFO = INCLUDE_SOURCE;
				MTL_FAST_MATH = YES;
				ONLY_ACTIVE_ARCH = YES;
				SWIFT_ACTIVE_COMPILATION_CONDITIONS = "DEBUG $(inherited)";
				SWIFT_EMIT_LOC_STRINGS = YES;
				SWIFT_OPTIMIZATION_LEVEL = "-Onone";
				TVOS_DEPLOYMENT_TARGET = 17.0;
			};
			name = Debug;
		};
		2FB75B8F2B41A9FF00A16501 /* Release */ = {
			isa = XCBuildConfiguration;
			buildSettings = {
				ALWAYS_SEARCH_USER_PATHS = NO;
				ASSETCATALOG_COMPILER_GENERATE_SWIFT_ASSET_SYMBOL_EXTENSIONS = YES;
				CLANG_ANALYZER_LOCALIZABILITY_NONLOCALIZED = YES;
				CLANG_ANALYZER_NONNULL = YES;
				CLANG_ANALYZER_NUMBER_OBJECT_CONVERSION = YES_AGGRESSIVE;
				CLANG_CXX_LANGUAGE_STANDARD = "gnu++20";
				CLANG_ENABLE_MODULES = YES;
				CLANG_ENABLE_OBJC_ARC = YES;
				CLANG_ENABLE_OBJC_WEAK = YES;
				CLANG_WARN_BLOCK_CAPTURE_AUTORELEASING = YES;
				CLANG_WARN_BOOL_CONVERSION = YES;
				CLANG_WARN_COMMA = YES;
				CLANG_WARN_CONSTANT_CONVERSION = YES;
				CLANG_WARN_DEPRECATED_OBJC_IMPLEMENTATIONS = YES;
				CLANG_WARN_DIRECT_OBJC_ISA_USAGE = YES_ERROR;
				CLANG_WARN_DOCUMENTATION_COMMENTS = YES;
				CLANG_WARN_EMPTY_BODY = YES;
				CLANG_WARN_ENUM_CONVERSION = YES;
				CLANG_WARN_INFINITE_RECURSION = YES;
				CLANG_WARN_INT_CONVERSION = YES;
				CLANG_WARN_NON_LITERAL_NULL_CONVERSION = YES;
				CLANG_WARN_OBJC_IMPLICIT_RETAIN_SELF = YES;
				CLANG_WARN_OBJC_LITERAL_CONVERSION = YES;
				CLANG_WARN_OBJC_ROOT_CLASS = YES_ERROR;
				CLANG_WARN_QUOTED_INCLUDE_IN_FRAMEWORK_HEADER = YES;
				CLANG_WARN_RANGE_LOOP_ANALYSIS = YES;
				CLANG_WARN_STRICT_PROTOTYPES = YES;
				CLANG_WARN_SUSPICIOUS_MOVE = YES;
				CLANG_WARN_UNGUARDED_AVAILABILITY = YES_AGGRESSIVE;
				CLANG_WARN_UNREACHABLE_CODE = YES;
				CLANG_WARN__DUPLICATE_METHOD_MATCH = YES;
				COPY_PHASE_STRIP = NO;
				DEAD_CODE_STRIPPING = YES;
				DEBUG_INFORMATION_FORMAT = "dwarf-with-dsym";
				DEVELOPMENT_TEAM = 9TMMFKS9DW;
				ENABLE_NS_ASSERTIONS = NO;
				ENABLE_STRICT_OBJC_MSGSEND = YES;
				ENABLE_USER_SCRIPT_SANDBOXING = YES;
				GCC_C_LANGUAGE_STANDARD = gnu17;
				GCC_NO_COMMON_BLOCKS = YES;
				GCC_WARN_64_TO_32_BIT_CONVERSION = YES;
				GCC_WARN_ABOUT_RETURN_TYPE = YES_ERROR;
				GCC_WARN_UNDECLARED_SELECTOR = YES;
				GCC_WARN_UNINITIALIZED_AUTOS = YES_AGGRESSIVE;
				GCC_WARN_UNUSED_FUNCTION = YES;
				GCC_WARN_UNUSED_VARIABLE = YES;
				GENERATE_INFOPLIST_FILE = YES;
				IPHONEOS_DEPLOYMENT_TARGET = 17.0;
				LOCALIZATION_PREFERS_STRING_CATALOGS = YES;
				MACOSX_DEPLOYMENT_TARGET = 14.0;
				MTL_ENABLE_DEBUG_INFO = NO;
				MTL_FAST_MATH = YES;
				SWIFT_COMPILATION_MODE = wholemodule;
				SWIFT_EMIT_LOC_STRINGS = YES;
				TVOS_DEPLOYMENT_TARGET = 17.0;
			};
			name = Release;
		};
		2FB75B912B41A9FF00A16501 /* Debug */ = {
			isa = XCBuildConfiguration;
			buildSettings = {
				ASSETCATALOG_COMPILER_APPICON_NAME = AppIcon;
				ASSETCATALOG_COMPILER_GLOBAL_ACCENT_COLOR_NAME = AccentColor;
				ASSETCATALOG_COMPILER_INCLUDE_ALL_APPICON_ASSETS = YES;
				CLANG_ENABLE_MODULES = YES;
				CODE_SIGN_ENTITLEMENTS = "IPTV App/Entitlements.entitlements";
				CODE_SIGN_IDENTITY = "Apple Development";
				"CODE_SIGN_IDENTITY[sdk=macosx*]" = "Apple Development";
				CODE_SIGN_STYLE = Automatic;
				CURRENT_PROJECT_VERSION = 69;
				DEAD_CODE_STRIPPING = YES;
				DEVELOPMENT_TEAM = 9TMMFKS9DW;
				ENABLE_APP_SANDBOX = YES;
				ENABLE_HARDENED_RUNTIME = YES;
				"ENABLE_HARDENED_RUNTIME[sdk=macosx*]" = YES;
				ENABLE_OUTGOING_NETWORK_CONNECTIONS = YES;
				ENABLE_PREVIEWS = YES;
				GENERATE_INFOPLIST_FILE = YES;
				INFOPLIST_FILE = "IPTV App/Info.plist";
				INFOPLIST_KEY_CFBundleDisplayName = "IPTV App";
				INFOPLIST_KEY_ITSAppUsesNonExemptEncryption = NO;
				INFOPLIST_KEY_LSApplicationCategoryType = "public.app-category.entertainment";
				INFOPLIST_KEY_UIApplicationSceneManifest_Generation = YES;
				"INFOPLIST_KEY_UIApplicationSceneManifest_Generation[sdk=iphoneos*]" = YES;
				"INFOPLIST_KEY_UIApplicationSceneManifest_Generation[sdk=iphonesimulator*]" = YES;
				INFOPLIST_KEY_UIApplicationSupportsIndirectInputEvents = YES;
				"INFOPLIST_KEY_UIApplicationSupportsIndirectInputEvents[sdk=iphoneos*]" = YES;
				"INFOPLIST_KEY_UIApplicationSupportsIndirectInputEvents[sdk=iphonesimulator*]" = YES;
				INFOPLIST_KEY_UILaunchScreen_Generation = YES;
				"INFOPLIST_KEY_UILaunchScreen_Generation[sdk=iphoneos*]" = YES;
				"INFOPLIST_KEY_UILaunchScreen_Generation[sdk=iphonesimulator*]" = YES;
				INFOPLIST_KEY_UILaunchStoryboardName = "Launch Screen.storyboard";
				INFOPLIST_KEY_UIRequiresFullScreen = NO;
				INFOPLIST_KEY_UIStatusBarStyle = UIStatusBarStyleDefault;
				"INFOPLIST_KEY_UIStatusBarStyle[sdk=iphoneos*]" = UIStatusBarStyleDefault;
				"INFOPLIST_KEY_UIStatusBarStyle[sdk=iphonesimulator*]" = UIStatusBarStyleDefault;
				INFOPLIST_KEY_UISupportedInterfaceOrientations = "UIInterfaceOrientationLandscapeLeft UIInterfaceOrientationLandscapeRight UIInterfaceOrientationPortrait UIInterfaceOrientationPortraitUpsideDown";
				IPHONEOS_DEPLOYMENT_TARGET = 18.5;
				LD_RUNPATH_SEARCH_PATHS = "@executable_path/Frameworks";
				"LD_RUNPATH_SEARCH_PATHS[sdk=macosx*]" = "@executable_path/../Frameworks";
				MACOSX_DEPLOYMENT_TARGET = 15.5;
				MARKETING_VERSION = 2.0;
				OTHER_LDFLAGS = (
					"-Xlinker",
					"-interposable",
				);
				PRODUCT_BUNDLE_IDENTIFIER = me.pedrocordeiro.IPTVapp;
				PRODUCT_NAME = "$(TARGET_NAME)";
				PROVISIONING_PROFILE_SPECIFIER = "";
				REGISTER_APP_GROUPS = YES;
				SDKROOT = iphoneos;
				SUPPORTED_PLATFORMS = "iphoneos iphonesimulator macosx";
				SUPPORTS_MACCATALYST = NO;
				SUPPORTS_MAC_DESIGNED_FOR_IPHONE_IPAD = YES;
				SUPPORTS_XR_DESIGNED_FOR_IPHONE_IPAD = YES;
				SWIFT_EMIT_LOC_STRINGS = YES;
				SWIFT_INSTALL_OBJC_HEADER = NO;
				SWIFT_OPTIMIZATION_LEVEL = "-Onone";
				SWIFT_PRECOMPILE_BRIDGING_HEADER = NO;
				SWIFT_VERSION = 5.0;
				TARGETED_DEVICE_FAMILY = 1;
				TVOS_DEPLOYMENT_TARGET = 17.0;
			};
			name = Debug;
		};
		2FB75B922B41A9FF00A16501 /* Release */ = {
			isa = XCBuildConfiguration;
			buildSettings = {
				ASSETCATALOG_COMPILER_APPICON_NAME = AppIcon;
				ASSETCATALOG_COMPILER_GLOBAL_ACCENT_COLOR_NAME = AccentColor;
				ASSETCATALOG_COMPILER_INCLUDE_ALL_APPICON_ASSETS = YES;
				CLANG_ENABLE_MODULES = YES;
				CODE_SIGN_ENTITLEMENTS = "IPTV App/Entitlements.entitlements";
				CODE_SIGN_IDENTITY = "Apple Development";
				"CODE_SIGN_IDENTITY[sdk=macosx*]" = "Apple Development";
				CODE_SIGN_STYLE = Automatic;
				CURRENT_PROJECT_VERSION = 69;
				DEAD_CODE_STRIPPING = YES;
				DEVELOPMENT_TEAM = 9TMMFKS9DW;
				ENABLE_APP_SANDBOX = YES;
				ENABLE_HARDENED_RUNTIME = YES;
				"ENABLE_HARDENED_RUNTIME[sdk=macosx*]" = YES;
				ENABLE_OUTGOING_NETWORK_CONNECTIONS = YES;
				ENABLE_PREVIEWS = YES;
				GENERATE_INFOPLIST_FILE = YES;
				INFOPLIST_FILE = "IPTV App/Info.plist";
				INFOPLIST_KEY_CFBundleDisplayName = "IPTV App";
				INFOPLIST_KEY_ITSAppUsesNonExemptEncryption = NO;
				INFOPLIST_KEY_LSApplicationCategoryType = "public.app-category.entertainment";
				INFOPLIST_KEY_UIApplicationSceneManifest_Generation = YES;
				"INFOPLIST_KEY_UIApplicationSceneManifest_Generation[sdk=iphoneos*]" = YES;
				"INFOPLIST_KEY_UIApplicationSceneManifest_Generation[sdk=iphonesimulator*]" = YES;
				INFOPLIST_KEY_UIApplicationSupportsIndirectInputEvents = YES;
				"INFOPLIST_KEY_UIApplicationSupportsIndirectInputEvents[sdk=iphoneos*]" = YES;
				"INFOPLIST_KEY_UIApplicationSupportsIndirectInputEvents[sdk=iphonesimulator*]" = YES;
				INFOPLIST_KEY_UILaunchScreen_Generation = YES;
				"INFOPLIST_KEY_UILaunchScreen_Generation[sdk=iphoneos*]" = YES;
				"INFOPLIST_KEY_UILaunchScreen_Generation[sdk=iphonesimulator*]" = YES;
				INFOPLIST_KEY_UILaunchStoryboardName = "Launch Screen.storyboard";
				INFOPLIST_KEY_UIRequiresFullScreen = NO;
				INFOPLIST_KEY_UIStatusBarStyle = UIStatusBarStyleDefault;
				"INFOPLIST_KEY_UIStatusBarStyle[sdk=iphoneos*]" = UIStatusBarStyleDefault;
				"INFOPLIST_KEY_UIStatusBarStyle[sdk=iphonesimulator*]" = UIStatusBarStyleDefault;
				INFOPLIST_KEY_UISupportedInterfaceOrientations = "UIInterfaceOrientationLandscapeLeft UIInterfaceOrientationLandscapeRight UIInterfaceOrientationPortrait UIInterfaceOrientationPortraitUpsideDown";
				IPHONEOS_DEPLOYMENT_TARGET = 18.5;
				LD_RUNPATH_SEARCH_PATHS = "@executable_path/Frameworks";
				"LD_RUNPATH_SEARCH_PATHS[sdk=macosx*]" = "@executable_path/../Frameworks";
				MACOSX_DEPLOYMENT_TARGET = 15.5;
				MARKETING_VERSION = 2.0;
				PRODUCT_BUNDLE_IDENTIFIER = me.pedrocordeiro.IPTVapp;
				PRODUCT_NAME = "$(TARGET_NAME)";
				PROVISIONING_PROFILE_SPECIFIER = "";
				REGISTER_APP_GROUPS = YES;
				SDKROOT = iphoneos;
				SUPPORTED_PLATFORMS = "iphoneos iphonesimulator macosx";
				SUPPORTS_MACCATALYST = NO;
				SUPPORTS_MAC_DESIGNED_FOR_IPHONE_IPAD = YES;
				SUPPORTS_XR_DESIGNED_FOR_IPHONE_IPAD = YES;
				SWIFT_EMIT_LOC_STRINGS = YES;
				SWIFT_INSTALL_OBJC_HEADER = NO;
				SWIFT_PRECOMPILE_BRIDGING_HEADER = NO;
				SWIFT_VERSION = 5.0;
				TARGETED_DEVICE_FAMILY = 1;
				TVOS_DEPLOYMENT_TARGET = 17.0;
			};
			name = Release;
		};
/* End XCBuildConfiguration section */

/* Begin XCConfigurationList section */
		2FB75B7C2B41A9FE00A16501 /* Build configuration list for PBXProject "IPTV App" */ = {
			isa = XCConfigurationList;
			buildConfigurations = (
				2FB75B8E2B41A9FF00A16501 /* Debug */,
				2FB75B8F2B41A9FF00A16501 /* Release */,
			);
			defaultConfigurationIsVisible = 0;
			defaultConfigurationName = Debug;
		};
		2FB75B902B41A9FF00A16501 /* Build configuration list for PBXNativeTarget "IPTV App" */ = {
			isa = XCConfigurationList;
			buildConfigurations = (
				2FB75B912B41A9FF00A16501 /* Debug */,
				2FB75B922B41A9FF00A16501 /* Release */,
			);
			defaultConfigurationIsVisible = 0;
			defaultConfigurationName = Debug;
		};
/* End XCConfigurationList section */

/* Begin XCRemoteSwiftPackageReference section */
		2F197AE92C137E5800A2E309 /* XCRemoteSwiftPackageReference "UIOnboarding" */ = {
			isa = XCRemoteSwiftPackageReference;
			repositoryURL = "https://github.com/lascic/UIOnboarding.git";
			requirement = {
				kind = upToNextMinorVersion;
				minimumVersion = 2.0.3;
			};
		};
		2F5FC9FD2BDD0FC900BD67A5 /* XCRemoteSwiftPackageReference "SWCompression" */ = {
			isa = XCRemoteSwiftPackageReference;
			repositoryURL = "https://github.com/tsolomko/SWCompression.git";
			requirement = {
				kind = upToNextMinorVersion;
				minimumVersion = 4.8.6;
			};
		};
		2F65285C2C332FB800302F67 /* XCRemoteSwiftPackageReference "M3UKit" */ = {
			isa = XCRemoteSwiftPackageReference;
			repositoryURL = "https://github.com/iptvapp-proj/M3UKit.git";
			requirement = {
				branch = master;
				kind = branch;
			};
		};
		2F65285F2C332FD800302F67 /* XCRemoteSwiftPackageReference "XMLTV" */ = {
			isa = XCRemoteSwiftPackageReference;
			repositoryURL = "https://github.com/iptvapp-proj/XMLTV.git";
			requirement = {
				branch = master;
				kind = branch;
			};
		};
		2FC89E682C5FE9B300701595 /* XCRemoteSwiftPackageReference "SwiftyXMLParser" */ = {
			isa = XCRemoteSwiftPackageReference;
			repositoryURL = "https://github.com/yahoojapan/SwiftyXMLParser";
			requirement = {
				kind = upToNextMinorVersion;
				minimumVersion = 5.6.0;
			};
		};
		2FFDFF542BA342B1001A0166 /* XCRemoteSwiftPackageReference "SDWebImageSwiftUI" */ = {
			isa = XCRemoteSwiftPackageReference;
			repositoryURL = "https://github.com/SDWebImage/SDWebImageSwiftUI.git";
			requirement = {
				kind = upToNextMinorVersion;
				minimumVersion = 3.0.0;
			};
		};
/* End XCRemoteSwiftPackageReference section */

/* Begin XCSwiftPackageProductDependency section */
		2F197AEA2C137E5800A2E309 /* UIOnboarding */ = {
			isa = XCSwiftPackageProductDependency;
			package = 2F197AE92C137E5800A2E309 /* XCRemoteSwiftPackageReference "UIOnboarding" */;
			productName = UIOnboarding;
		};
		2F5FC9FE2BDD0FC900BD67A5 /* SWCompression */ = {
			isa = XCSwiftPackageProductDependency;
			package = 2F5FC9FD2BDD0FC900BD67A5 /* XCRemoteSwiftPackageReference "SWCompression" */;
			productName = SWCompression;
		};
		2F65285D2C332FB800302F67 /* M3UKit */ = {
			isa = XCSwiftPackageProductDependency;
			package = 2F65285C2C332FB800302F67 /* XCRemoteSwiftPackageReference "M3UKit" */;
			productName = M3UKit;
		};
		2F6528602C332FD800302F67 /* XMLTV */ = {
			isa = XCSwiftPackageProductDependency;
			package = 2F65285F2C332FD800302F67 /* XCRemoteSwiftPackageReference "XMLTV" */;
			productName = XMLTV;
		};
		2F6B1C972BDD754B00D09A6A /* XMLTV */ = {
			isa = XCSwiftPackageProductDependency;
			productName = XMLTV;
		};
		2F6B1C9A2BDD755700D09A6A /* XMLTV */ = {
			isa = XCSwiftPackageProductDependency;
			productName = XMLTV;
		};
		2F6B1C9D2BDD756400D09A6A /* M3UKit */ = {
			isa = XCSwiftPackageProductDependency;
			productName = M3UKit;
		};
		2F6B1CA02BDD757400D09A6A /* LightXMLParser */ = {
			isa = XCSwiftPackageProductDependency;
			productName = LightXMLParser;
		};
		2FC89E692C5FE9B300701595 /* SwiftyXMLParser */ = {
			isa = XCSwiftPackageProductDependency;
			package = 2FC89E682C5FE9B300701595 /* XCRemoteSwiftPackageReference "SwiftyXMLParser" */;
			productName = SwiftyXMLParser;
		};
		2FFDFF552BA342C3001A0166 /* SDWebImageSwiftUI */ = {
			isa = XCSwiftPackageProductDependency;
			package = 2FFDFF542BA342B1001A0166 /* XCRemoteSwiftPackageReference "SDWebImageSwiftUI" */;
			productName = SDWebImageSwiftUI;
		};
/* End XCSwiftPackageProductDependency section */
	};
	rootObject = 2FB75B792B41A9FE00A16501 /* Project object */;
}
